{
  "plugin_type": "transforms",
  "name": "dbt-github",
  "namespace": "tap_github",
  "variant": "matatika",
  "label": "dbt-github",
  "repo": "https://github.com/Matatika/dbt-tap-github",
  "pip_url": "https://github.com/Matatika/dbt-tap-github@v0.2.0",
  "vars": {
    "schema": "{{ env_var('DBT_SOURCE_SCHEMA') }}"
  }
}